{
  "name": "hypertest",
  "version": "0.1.0",
  "lockfileVersion": 3,
  "requires": true,
  "packages": {
    "": {
      "name": "hypertest",
      "version": "0.1.0",
      "workspaces": [
        "packages/*"
      ]
    },
    "node_modules/@hypertest/hypertest-core": {
      "resolved": "packages/hypertest-core",
      "link": true
    },
    "node_modules/@hypertest/hypertest-playground": {
      "resolved": "packages/hypertest-playground",
      "link": true
    },
    "node_modules/@hypertest/hypertest-plugin-cypress": {
      "resolved": "packages/hypertest-plugin-cypress",
      "link": true
    },
    "node_modules/@hypertest/hypertest-runner-cypress": {
      "resolved": "packages/hypertest-runner-cypress",
      "link": true
    },
    "node_modules/typescript": {
      "version": "5.4.5",
      "resolved": "https://registry.npmjs.org/typescript/-/typescript-5.4.5.tgz",
      "integrity": "sha512-vcI4UpRgg81oIRUFwR0WSIHKt11nJ7SAVlYNIu+QpqeyXP+gpQJy/Z4+F0aGxSE4MqwjyXvW/TzgkLAx2AGHwQ==",
      "dev": true,
      "bin": {
        "tsc": "bin/tsc",
        "tsserver": "bin/tsserver"
      },
      "engines": {
        "node": ">=14.17"
      }
    },
    "packages/hypertest-core": {
      "name": "@hypertest/hypertest-core",
      "version": "0.0.1",
      "devDependencies": {
        "typescript": "^5.4.5"
      }
    },
    "packages/hypertest-lambda-runner": {
      "name": "@hypertest/hypertest-lambda-runner",
      "version": "0.0.1",
      "extraneous": true,
      "devDependencies": {
        "typescript": "^5.4.5"
      }
    },
    "packages/hypertest-playground": {
      "name": "@hypertest/hypertest-playground",
      "version": "0.0.1",
      "dependencies": {
        "@hypertest/hypertest-core": "0.x.x",
        "@hypertest/hypertest-plugin-cypress": "0.x.x",
        "@hypertest/hypertest-runner-cypress": "0.x.x"
      },
      "devDependencies": {
        "typescript": "^5.4.5"
      }
    },
    "packages/hypertest-plugin-cypress": {
      "name": "@hypertest/hypertest-plugin-cypress",
      "version": "0.0.1",
      "dependencies": {
        "@hypertest/hypertest-core": "0.x.x"
      },
      "devDependencies": {
        "typescript": "^5.4.5"
      }
    },
    "packages/hypertest-runner-cypress": {
      "version": "0.0.1",
      "devDependencies": {
        "typescript": "^5.4.5"
      }
    },
    "packages/hypertest-tsconfig": {
      "name": "@hypertest/hypertest-tsconfig",
      "version": "0.0.1",
      "extraneous": true
    }
  }
}
